
Microsoft Visual Studio Solution File, Format Version 12.00
# Visual Studio Version 17
VisualStudioVersion = 17.2.32630.192
MinimumVisualStudioVersion = 10.0.40219.1
Project("{9A19103F-16F7-4668-BE54-9A1E7A4F7556}") = "AzureMicrosserviceAPI", "AzureMicrosserviceAPI\AzureMicrosserviceAPI.csproj", "{E9902CAE-675E-4CE8-8F3C-19EE12758B88}"
EndProject
Global
	GlobalSection(SolutionConfigurationPlatforms) = preSolution
		Debug|Any CPU = Debug|Any CPU
		Release|Any CPU = Release|Any CPU
	EndGlobalSection
	GlobalSection(ProjectConfigurationPlatforms) = postSolution
		{E9902CAE-675E-4CE8-8F3C-19EE12758B88}.Debug|Any CPU.ActiveCfg = Development|Any CPU
		{E9902CAE-675E-4CE8-8F3C-19EE12758B88}.Debug|Any CPU.Build.0 = Development|Any CPU
		{E9902CAE-675E-4CE8-8F3C-19EE12758B88}.Release|Any CPU.ActiveCfg = Release|Any CPU
		{E9902CAE-675E-4CE8-8F3C-19EE12758B88}.Release|Any CPU.Build.0 = Release|Any CPU
	EndGlobalSection
	GlobalSection(SolutionProperties) = preSolution
		HideSolutionNode = FALSE
	EndGlobalSection
	GlobalSection(ExtensibilityGlobals) = postSolution
		SolutionGuid = {901170D5-91AB-47F5-A2A0-0A32B33E1E54}
	EndGlobalSection
EndGlobal
